// !$*UTF8*$!
{
	archiveVersion = 1;
	classes = {
	};
	objectVersion = 56;
	objects = {

/* Begin PBXBuildFile section */
		C62F59C62D0FDAA00075849F /* AppDelegate.swift in Sources */ = {isa = PBXBuildFile; fileRef = C62F59C52D0FDAA00075849F /* AppDelegate.swift */; };
		C62F59C82D0FDAA00075849F /* SceneDelegate.swift in Sources */ = {isa = PBXBuildFile; fileRef = C62F59C72D0FDAA00075849F /* SceneDelegate.swift */; };
		C62F59CA2D0FDAA00075849F /* ViewController.swift in Sources */ = {isa = PBXBuildFile; fileRef = C62F59C92D0FDAA00075849F /* ViewController.swift */; };
		C62F59CD2D0FDAA00075849F /* Base in Resources */ = {isa = PBXBuildFile; fileRef = C62F59CC2D0FDAA00075849F /* Base */; };
		C62F59CF2D0FDAA10075849F /* Assets.xcassets in Resources */ = {isa = PBXBuildFile; fileRef = C62F59CE2D0FDAA10075849F /* Assets.xcassets */; };
		C62F59D22D0FDAA10075849F /* Base in Resources */ = {isa = PBXBuildFile; fileRef = C62F59D12D0FDAA10075849F /* Base */; };
		C646D2622D26536F00E366E9 /* ProHiring.xcdatamodeld in Sources */ = {isa = PBXBuildFile; fileRef = C646D2602D26536F00E366E9 /* ProHiring.xcdatamodeld */; };
		C646D2692D2656E300E366E9 /* HomeCategory+CoreDataClass.swift in Sources */ = {isa = PBXBuildFile; fileRef = C646D2672D2656E300E366E9 /* HomeCategory+CoreDataClass.swift */; };
		C646D26A2D2656E300E366E9 /* HomeCategory+CoreDataProperties.swift in Sources */ = {isa = PBXBuildFile; fileRef = C646D2682D2656E300E366E9 /* HomeCategory+CoreDataProperties.swift */; };
		C646D26D2D265C8100E366E9 /* PopularProjects+CoreDataClass.swift in Sources */ = {isa = PBXBuildFile; fileRef = C646D26B2D265C8100E366E9 /* PopularProjects+CoreDataClass.swift */; };
		C646D26E2D265C8100E366E9 /* PopularProjects+CoreDataProperties.swift in Sources */ = {isa = PBXBuildFile; fileRef = C646D26C2D265C8100E366E9 /* PopularProjects+CoreDataProperties.swift */; };
		C646D2702D266A4E00E366E9 /* LoginCompanyViewController.swift in Sources */ = {isa = PBXBuildFile; fileRef = C646D26F2D266A4E00E366E9 /* LoginCompanyViewController.swift */; };
		C66691F22D10BCCA007FD9FD /* LoginViewController.swift in Sources */ = {isa = PBXBuildFile; fileRef = C66691F12D10BCCA007FD9FD /* LoginViewController.swift */; };
		C66691F42D129340007FD9FD /* HomeViewController.swift in Sources */ = {isa = PBXBuildFile; fileRef = C66691F32D129340007FD9FD /* HomeViewController.swift */; };
		C66691F62D1295BE007FD9FD /* DataManager.swift in Sources */ = {isa = PBXBuildFile; fileRef = C66691F52D1295BE007FD9FD /* DataManager.swift */; };
		C66692062D13CE4B007FD9FD /* CoreData.framework in Frameworks */ = {isa = PBXBuildFile; fileRef = C66692052D13CE4B007FD9FD /* CoreData.framework */; };
		C66692102D13D255007FD9FD /* InternetMonitor.swift in Sources */ = {isa = PBXBuildFile; fileRef = C666920F2D13D255007FD9FD /* InternetMonitor.swift */; };
		C666921A2D161BA1007FD9FD /* Constants.swift in Sources */ = {isa = PBXBuildFile; fileRef = C66692192D161BA1007FD9FD /* Constants.swift */; };
		C666921E2D168409007FD9FD /* CompanyTableViewController.swift in Sources */ = {isa = PBXBuildFile; fileRef = C666921D2D168409007FD9FD /* CompanyTableViewController.swift */; };
		C66692202D1688FF007FD9FD /* MyProjectsViewController.swift in Sources */ = {isa = PBXBuildFile; fileRef = C666921F2D1688FF007FD9FD /* MyProjectsViewController.swift */; };
		C66692222D168951007FD9FD /* CompanyViewController.swift in Sources */ = {isa = PBXBuildFile; fileRef = C66692212D168951007FD9FD /* CompanyViewController.swift */; };
		C66692272D18E61E007FD9FD /* FirebaseAnalytics in Frameworks */ = {isa = PBXBuildFile; productRef = C66692262D18E61E007FD9FD /* FirebaseAnalytics */; };
		C66692292D18E61E007FD9FD /* FirebaseAnalyticsOnDeviceConversion in Frameworks */ = {isa = PBXBuildFile; productRef = C66692282D18E61E007FD9FD /* FirebaseAnalyticsOnDeviceConversion */; };
		C666922B2D18E61E007FD9FD /* FirebaseAnalyticsWithoutAdIdSupport in Frameworks */ = {isa = PBXBuildFile; productRef = C666922A2D18E61E007FD9FD /* FirebaseAnalyticsWithoutAdIdSupport */; };
		C666922D2D18E61E007FD9FD /* FirebaseAuth in Frameworks */ = {isa = PBXBuildFile; productRef = C666922C2D18E61E007FD9FD /* FirebaseAuth */; };
		C666922F2D18E61E007FD9FD /* FirebaseFirestore in Frameworks */ = {isa = PBXBuildFile; productRef = C666922E2D18E61E007FD9FD /* FirebaseFirestore */; };
		C66692312D18E61E007FD9FD /* FirebaseInAppMessaging-Beta in Frameworks */ = {isa = PBXBuildFile; productRef = C66692302D18E61E007FD9FD /* FirebaseInAppMessaging-Beta */; };
		C66692332D18E61E007FD9FD /* FirebaseMessaging in Frameworks */ = {isa = PBXBuildFile; productRef = C66692322D18E61E007FD9FD /* FirebaseMessaging */; };
		C66692352D18E61E007FD9FD /* FirebaseStorage in Frameworks */ = {isa = PBXBuildFile; productRef = C66692342D18E61E007FD9FD /* FirebaseStorage */; };
		C66692372D18EF1A007FD9FD /* CreateAccountViewController.swift in Sources */ = {isa = PBXBuildFile; fileRef = C66692362D18EF1A007FD9FD /* CreateAccountViewController.swift */; };
		C666923A2D18F41F007FD9FD /* GoogleSignIn in Frameworks */ = {isa = PBXBuildFile; productRef = C66692392D18F41F007FD9FD /* GoogleSignIn */; };
		C666923C2D18F41F007FD9FD /* GoogleSignInSwift in Frameworks */ = {isa = PBXBuildFile; productRef = C666923B2D18F41F007FD9FD /* GoogleSignInSwift */; };
		C666923E2D18FBE9007FD9FD /* NetworkReachability.swift in Sources */ = {isa = PBXBuildFile; fileRef = C666923D2D18FBE9007FD9FD /* NetworkReachability.swift */; };
		C66692422D190A26007FD9FD /* GoogleService-Info.plist in Resources */ = {isa = PBXBuildFile; fileRef = C66692412D190A26007FD9FD /* GoogleService-Info.plist */; };
		C66692462D1925FC007FD9FD /* FirebaseAuth.swift in Sources */ = {isa = PBXBuildFile; fileRef = C66692452D1925FC007FD9FD /* FirebaseAuth.swift */; };
		C6F77C712D1E2AEB000819EE /* HandymanServices+CoreDataClass.swift in Sources */ = {isa = PBXBuildFile; fileRef = C6F77C6D2D1E2AEB000819EE /* HandymanServices+CoreDataClass.swift */; };
		C6F77C722D1E2AEB000819EE /* HandymanServices+CoreDataProperties.swift in Sources */ = {isa = PBXBuildFile; fileRef = C6F77C6E2D1E2AEB000819EE /* HandymanServices+CoreDataProperties.swift */; };
		C6F77C732D1E2AEB000819EE /* TreeServices+CoreDataClass.swift in Sources */ = {isa = PBXBuildFile; fileRef = C6F77C6F2D1E2AEB000819EE /* TreeServices+CoreDataClass.swift */; };
		C6F77C742D1E2AEB000819EE /* TreeServices+CoreDataProperties.swift in Sources */ = {isa = PBXBuildFile; fileRef = C6F77C702D1E2AEB000819EE /* TreeServices+CoreDataProperties.swift */; };
		C6F77C762D1E654B000819EE /* HandymanServicesViewController.swift in Sources */ = {isa = PBXBuildFile; fileRef = C6F77C752D1E654A000819EE /* HandymanServicesViewController.swift */; };
		C6F77C7A2D1E6579000819EE /* ServicesViewController.swift in Sources */ = {isa = PBXBuildFile; fileRef = C6F77C792D1E6578000819EE /* ServicesViewController.swift */; };
		C6F77C7C2D1E6581000819EE /* TreeServicesViewController.swift in Sources */ = {isa = PBXBuildFile; fileRef = C6F77C7B2D1E6581000819EE /* TreeServicesViewController.swift */; };
		C6F77C962D234A6C000819EE /* SDWebImage in Frameworks */ = {isa = PBXBuildFile; productRef = C6F77C952D234A6C000819EE /* SDWebImage */; };
		C6F77C982D234A6C000819EE /* SDWebImageMapKit in Frameworks */ = {isa = PBXBuildFile; productRef = C6F77C972D234A6C000819EE /* SDWebImageMapKit */; };
/* End PBXBuildFile section */

/* Begin PBXFileReference section */
		C62F59C22D0FDAA00075849F /* ProHiring.app */ = {isa = PBXFileReference; explicitFileType = wrapper.application; includeInIndex = 0; path = ProHiring.app; sourceTree = BUILT_PRODUCTS_DIR; };
		C62F59C52D0FDAA00075849F /* AppDelegate.swift */ = {isa = PBXFileReference; lastKnownFileType = sourcecode.swift; path = AppDelegate.swift; sourceTree = "<group>"; };
		C62F59C72D0FDAA00075849F /* SceneDelegate.swift */ = {isa = PBXFileReference; lastKnownFileType = sourcecode.swift; path = SceneDelegate.swift; sourceTree = "<group>"; };
		C62F59C92D0FDAA00075849F /* ViewController.swift */ = {isa = PBXFileReference; lastKnownFileType = sourcecode.swift; path = ViewController.swift; sourceTree = "<group>"; };
		C62F59CC2D0FDAA00075849F /* Base */ = {isa = PBXFileReference; lastKnownFileType = file.storyboard; name = Base; path = Base.lproj/Main.storyboard; sourceTree = "<group>"; };
		C62F59CE2D0FDAA10075849F /* Assets.xcassets */ = {isa = PBXFileReference; lastKnownFileType = folder.assetcatalog; path = Assets.xcassets; sourceTree = "<group>"; };
		C62F59D12D0FDAA10075849F /* Base */ = {isa = PBXFileReference; lastKnownFileType = file.storyboard; name = Base; path = Base.lproj/LaunchScreen.storyboard; sourceTree = "<group>"; };
		C62F59D32D0FDAA10075849F /* Info.plist */ = {isa = PBXFileReference; lastKnownFileType = text.plist.xml; path = Info.plist; sourceTree = "<group>"; };
		C646D2612D26536F00E366E9 /* ProHiring.xcdatamodel */ = {isa = PBXFileReference; lastKnownFileType = wrapper.xcdatamodel; path = ProHiring.xcdatamodel; sourceTree = "<group>"; };
		C646D2672D2656E300E366E9 /* HomeCategory+CoreDataClass.swift */ = {isa = PBXFileReference; lastKnownFileType = sourcecode.swift; path = "HomeCategory+CoreDataClass.swift"; sourceTree = "<group>"; };
		C646D2682D2656E300E366E9 /* HomeCategory+CoreDataProperties.swift */ = {isa = PBXFileReference; lastKnownFileType = sourcecode.swift; path = "HomeCategory+CoreDataProperties.swift"; sourceTree = "<group>"; };
		C646D26B2D265C8100E366E9 /* PopularProjects+CoreDataClass.swift */ = {isa = PBXFileReference; lastKnownFileType = sourcecode.swift; path = "PopularProjects+CoreDataClass.swift"; sourceTree = "<group>"; };
		C646D26C2D265C8100E366E9 /* PopularProjects+CoreDataProperties.swift */ = {isa = PBXFileReference; lastKnownFileType = sourcecode.swift; path = "PopularProjects+CoreDataProperties.swift"; sourceTree = "<group>"; };
		C646D26F2D266A4E00E366E9 /* LoginCompanyViewController.swift */ = {isa = PBXFileReference; lastKnownFileType = sourcecode.swift; path = LoginCompanyViewController.swift; sourceTree = "<group>"; };
		C66691F12D10BCCA007FD9FD /* LoginViewController.swift */ = {isa = PBXFileReference; lastKnownFileType = sourcecode.swift; path = LoginViewController.swift; sourceTree = "<group>"; };
		C66691F32D129340007FD9FD /* HomeViewController.swift */ = {isa = PBXFileReference; lastKnownFileType = sourcecode.swift; path = HomeViewController.swift; sourceTree = "<group>"; };
		C66691F52D1295BE007FD9FD /* DataManager.swift */ = {isa = PBXFileReference; lastKnownFileType = sourcecode.swift; path = DataManager.swift; sourceTree = "<group>"; };
		C66692052D13CE4B007FD9FD /* CoreData.framework */ = {isa = PBXFileReference; lastKnownFileType = wrapper.framework; name = CoreData.framework; path = System/Library/Frameworks/CoreData.framework; sourceTree = SDKROOT; };
		C666920F2D13D255007FD9FD /* InternetMonitor.swift */ = {isa = PBXFileReference; lastKnownFileType = sourcecode.swift; path = InternetMonitor.swift; sourceTree = "<group>"; };
		C66692192D161BA1007FD9FD /* Constants.swift */ = {isa = PBXFileReference; lastKnownFileType = sourcecode.swift; path = Constants.swift; sourceTree = "<group>"; };
		C666921D2D168409007FD9FD /* CompanyTableViewController.swift */ = {isa = PBXFileReference; lastKnownFileType = sourcecode.swift; path = CompanyTableViewController.swift; sourceTree = "<group>"; };
		C666921F2D1688FF007FD9FD /* MyProjectsViewController.swift */ = {isa = PBXFileReference; lastKnownFileType = sourcecode.swift; path = MyProjectsViewController.swift; sourceTree = "<group>"; };
		C66692212D168951007FD9FD /* CompanyViewController.swift */ = {isa = PBXFileReference; lastKnownFileType = sourcecode.swift; path = CompanyViewController.swift; sourceTree = "<group>"; };
		C66692362D18EF1A007FD9FD /* CreateAccountViewController.swift */ = {isa = PBXFileReference; lastKnownFileType = sourcecode.swift; path = CreateAccountViewController.swift; sourceTree = "<group>"; };
		C666923D2D18FBE9007FD9FD /* NetworkReachability.swift */ = {isa = PBXFileReference; lastKnownFileType = sourcecode.swift; path = NetworkReachability.swift; sourceTree = "<group>"; };
		C66692412D190A26007FD9FD /* GoogleService-Info.plist */ = {isa = PBXFileReference; fileEncoding = 4; lastKnownFileType = text.plist.xml; name = "GoogleService-Info.plist"; path = "../../../../../Downloads/GoogleService-Info.plist"; sourceTree = "<group>"; };
		C66692452D1925FC007FD9FD /* FirebaseAuth.swift */ = {isa = PBXFileReference; lastKnownFileType = sourcecode.swift; path = FirebaseAuth.swift; sourceTree = "<group>"; };
		C6F77C6D2D1E2AEB000819EE /* HandymanServices+CoreDataClass.swift */ = {isa = PBXFileReference; lastKnownFileType = sourcecode.swift; path = "HandymanServices+CoreDataClass.swift"; sourceTree = "<group>"; };
		C6F77C6E2D1E2AEB000819EE /* HandymanServices+CoreDataProperties.swift */ = {isa = PBXFileReference; lastKnownFileType = sourcecode.swift; path = "HandymanServices+CoreDataProperties.swift"; sourceTree = "<group>"; };
		C6F77C6F2D1E2AEB000819EE /* TreeServices+CoreDataClass.swift */ = {isa = PBXFileReference; lastKnownFileType = sourcecode.swift; path = "TreeServices+CoreDataClass.swift"; sourceTree = "<group>"; };
		C6F77C702D1E2AEB000819EE /* TreeServices+CoreDataProperties.swift */ = {isa = PBXFileReference; lastKnownFileType = sourcecode.swift; path = "TreeServices+CoreDataProperties.swift"; sourceTree = "<group>"; };
		C6F77C752D1E654A000819EE /* HandymanServicesViewController.swift */ = {isa = PBXFileReference; fileEncoding = 4; lastKnownFileType = sourcecode.swift; name = HandymanServicesViewController.swift; path = "../../../../../../Downloads/ProHiring-main/ProHiring/Controllers/HandymanServicesViewController.swift"; sourceTree = "<group>"; };
		C6F77C792D1E6578000819EE /* ServicesViewController.swift */ = {isa = PBXFileReference; fileEncoding = 4; lastKnownFileType = sourcecode.swift; name = ServicesViewController.swift; path = "../../../../../../Downloads/ProHiring-main/ProHiring/Controllers/ServicesViewController.swift"; sourceTree = "<group>"; };
		C6F77C7B2D1E6581000819EE /* TreeServicesViewController.swift */ = {isa = PBXFileReference; fileEncoding = 4; lastKnownFileType = sourcecode.swift; name = TreeServicesViewController.swift; path = "../../../../../../Downloads/ProHiring-main/ProHiring/Controllers/TreeServicesViewController.swift"; sourceTree = "<group>"; };
/* End PBXFileReference section */

/* Begin PBXFrameworksBuildPhase section */
		C62F59BF2D0FDAA00075849F /* Frameworks */ = {
			isa = PBXFrameworksBuildPhase;
			buildActionMask = 2147483647;
			files = (
				C66692332D18E61E007FD9FD /* FirebaseMessaging in Frameworks */,
				C66692272D18E61E007FD9FD /* FirebaseAnalytics in Frameworks */,
				C6F77C982D234A6C000819EE /* SDWebImageMapKit in Frameworks */,
				C66692352D18E61E007FD9FD /* FirebaseStorage in Frameworks */,
				C66692312D18E61E007FD9FD /* FirebaseInAppMessaging-Beta in Frameworks */,
				C666922D2D18E61E007FD9FD /* FirebaseAuth in Frameworks */,
				C666923A2D18F41F007FD9FD /* GoogleSignIn in Frameworks */,
				C6F77C962D234A6C000819EE /* SDWebImage in Frameworks */,
				C66692292D18E61E007FD9FD /* FirebaseAnalyticsOnDeviceConversion in Frameworks */,
				C66692062D13CE4B007FD9FD /* CoreData.framework in Frameworks */,
				C666922B2D18E61E007FD9FD /* FirebaseAnalyticsWithoutAdIdSupport in Frameworks */,
				C666922F2D18E61E007FD9FD /* FirebaseFirestore in Frameworks */,
				C666923C2D18F41F007FD9FD /* GoogleSignInSwift in Frameworks */,
			);
			runOnlyForDeploymentPostprocessing = 0;
		};
/* End PBXFrameworksBuildPhase section */

/* Begin PBXGroup section */
		C62F59B92D0FDAA00075849F = {
			isa = PBXGroup;
			children = (
				C62F59C42D0FDAA00075849F /* ProHiring */,
				C62F59C32D0FDAA00075849F /* Products */,
				C66692042D13CE4A007FD9FD /* Frameworks */,
			);
			sourceTree = "<group>";
		};
		C62F59C32D0FDAA00075849F /* Products */ = {
			isa = PBXGroup;
			children = (
				C62F59C22D0FDAA00075849F /* ProHiring.app */,
			);
			name = Products;
			sourceTree = "<group>";
		};
		C62F59C42D0FDAA00075849F /* ProHiring */ = {
			isa = PBXGroup;
			children = (
				C646D25F2D26507800E366E9 /* Model */,
				C62F59DC2D0FDD8F0075849F /* Data */,
				C62F59DB2D0FDD830075849F /* Controllers */,
				C62F59DA2D0FDD7A0075849F /* Models */,
				C62F59D92D0FDD6D0075849F /* View */,
				C62F59C52D0FDAA00075849F /* AppDelegate.swift */,
				C62F59C72D0FDAA00075849F /* SceneDelegate.swift */,
				C62F59CE2D0FDAA10075849F /* Assets.xcassets */,
				C62F59D32D0FDAA10075849F /* Info.plist */,
				C66692412D190A26007FD9FD /* GoogleService-Info.plist */,
				C66692192D161BA1007FD9FD /* Constants.swift */,
			);
			path = ProHiring;
			sourceTree = "<group>";
		};
		C62F59D92D0FDD6D0075849F /* View */ = {
			isa = PBXGroup;
			children = (
				C62F59D02D0FDAA10075849F /* LaunchScreen.storyboard */,
				C62F59CB2D0FDAA00075849F /* Main.storyboard */,
			);
			path = View;
			sourceTree = "<group>";
		};
		C62F59DA2D0FDD7A0075849F /* Models */ = {
			isa = PBXGroup;
			children = (
				C666923D2D18FBE9007FD9FD /* NetworkReachability.swift */,
				C66692452D1925FC007FD9FD /* FirebaseAuth.swift */,
			);
			path = Models;
			sourceTree = "<group>";
		};
		C62F59DB2D0FDD830075849F /* Controllers */ = {
			isa = PBXGroup;
			children = (
				C6F77C752D1E654A000819EE /* HandymanServicesViewController.swift */,
				C6F77C792D1E6578000819EE /* ServicesViewController.swift */,
				C62F59C92D0FDAA00075849F /* ViewController.swift */,
				C66691F12D10BCCA007FD9FD /* LoginViewController.swift */,
				C6F77C7B2D1E6581000819EE /* TreeServicesViewController.swift */,
				C66691F32D129340007FD9FD /* HomeViewController.swift */,
				C666920F2D13D255007FD9FD /* InternetMonitor.swift */,
				C666921D2D168409007FD9FD /* CompanyTableViewController.swift */,
				C666921F2D1688FF007FD9FD /* MyProjectsViewController.swift */,
				C66692212D168951007FD9FD /* CompanyViewController.swift */,
				C66692362D18EF1A007FD9FD /* CreateAccountViewController.swift */,
				C646D26F2D266A4E00E366E9 /* LoginCompanyViewController.swift */,
			);
			path = Controllers;
			sourceTree = "<group>";
		};
		C62F59DC2D0FDD8F0075849F /* Data */ = {
			isa = PBXGroup;
			children = (
				C66691F52D1295BE007FD9FD /* DataManager.swift */,
			);
			path = Data;
			sourceTree = "<group>";
		};
		C646D25F2D26507800E366E9 /* Model */ = {
			isa = PBXGroup;
			children = (
				C646D26B2D265C8100E366E9 /* PopularProjects+CoreDataClass.swift */,
				C646D26C2D265C8100E366E9 /* PopularProjects+CoreDataProperties.swift */,
				C646D2672D2656E300E366E9 /* HomeCategory+CoreDataClass.swift */,
				C646D2682D2656E300E366E9 /* HomeCategory+CoreDataProperties.swift */,
				C6F77C6D2D1E2AEB000819EE /* HandymanServices+CoreDataClass.swift */,
				C6F77C6E2D1E2AEB000819EE /* HandymanServices+CoreDataProperties.swift */,
				C6F77C6F2D1E2AEB000819EE /* TreeServices+CoreDataClass.swift */,
				C6F77C702D1E2AEB000819EE /* TreeServices+CoreDataProperties.swift */,
				C646D2602D26536F00E366E9 /* ProHiring.xcdatamodeld */,
			);
			path = Model;
			sourceTree = "<group>";
		};
		C66692042D13CE4A007FD9FD /* Frameworks */ = {
			isa = PBXGroup;
			children = (
				C66692052D13CE4B007FD9FD /* CoreData.framework */,
			);
			name = Frameworks;
			sourceTree = "<group>";
		};
/* End PBXGroup section */

/* Begin PBXNativeTarget section */
		C62F59C12D0FDAA00075849F /* ProHiring */ = {
			isa = PBXNativeTarget;
			buildConfigurationList = C62F59D62D0FDAA10075849F /* Build configuration list for PBXNativeTarget "ProHiring" */;
			buildPhases = (
				C62F59BE2D0FDAA00075849F /* Sources */,
				C62F59BF2D0FDAA00075849F /* Frameworks */,
				C62F59C02D0FDAA00075849F /* Resources */,
			);
			buildRules = (
			);
			dependencies = (
			);
			name = ProHiring;
			packageProductDependencies = (
				C66692262D18E61E007FD9FD /* FirebaseAnalytics */,
				C66692282D18E61E007FD9FD /* FirebaseAnalyticsOnDeviceConversion */,
				C666922A2D18E61E007FD9FD /* FirebaseAnalyticsWithoutAdIdSupport */,
				C666922C2D18E61E007FD9FD /* FirebaseAuth */,
				C666922E2D18E61E007FD9FD /* FirebaseFirestore */,
				C66692302D18E61E007FD9FD /* FirebaseInAppMessaging-Beta */,
				C66692322D18E61E007FD9FD /* FirebaseMessaging */,
				C66692342D18E61E007FD9FD /* FirebaseStorage */,
				C66692392D18F41F007FD9FD /* GoogleSignIn */,
				C666923B2D18F41F007FD9FD /* GoogleSignInSwift */,
				C6F77C952D234A6C000819EE /* SDWebImage */,
				C6F77C972D234A6C000819EE /* SDWebImageMapKit */,
			);
			productName = ProHiring;
			productReference = C62F59C22D0FDAA00075849F /* ProHiring.app */;
			productType = "com.apple.product-type.application";
		};
/* End PBXNativeTarget section */

/* Begin PBXProject section */
		C62F59BA2D0FDAA00075849F /* Project object */ = {
			isa = PBXProject;
			attributes = {
				BuildIndependentTargetsInParallel = 1;
				LastSwiftUpdateCheck = 1540;
				LastUpgradeCheck = 1540;
				TargetAttributes = {
					C62F59C12D0FDAA00075849F = {
						CreatedOnToolsVersion = 15.4;
					};
				};
			};
			buildConfigurationList = C62F59BD2D0FDAA00075849F /* Build configuration list for PBXProject "ProHiring" */;
			compatibilityVersion = "Xcode 14.0";
			developmentRegion = en;
			hasScannedForEncodings = 0;
			knownRegions = (
				en,
				Base,
			);
			mainGroup = C62F59B92D0FDAA00075849F;
			packageReferences = (
				C66692252D18E61D007FD9FD /* XCRemoteSwiftPackageReference "firebase-ios-sdk" */,
				C66692382D18F41F007FD9FD /* XCRemoteSwiftPackageReference "GoogleSignin-iOS" */,
				C6F77C942D234A6C000819EE /* XCRemoteSwiftPackageReference "SDWebImage" */,
			);
			productRefGroup = C62F59C32D0FDAA00075849F /* Products */;
			projectDirPath = "";
			projectRoot = "";
			targets = (
				C62F59C12D0FDAA00075849F /* ProHiring */,
			);
		};
/* End PBXProject section */

/* Begin PBXResourcesBuildPhase section */
		C62F59C02D0FDAA00075849F /* Resources */ = {
			isa = PBXResourcesBuildPhase;
			buildActionMask = 2147483647;
			files = (
				C62F59CF2D0FDAA10075849F /* Assets.xcassets in Resources */,
				C62F59D22D0FDAA10075849F /* Base in Resources */,
				C66692422D190A26007FD9FD /* GoogleService-Info.plist in Resources */,
				C62F59CD2D0FDAA00075849F /* Base in Resources */,
			);
			runOnlyForDeploymentPostprocessing = 0;
		};
/* End PBXResourcesBuildPhase section */

/* Begin PBXSourcesBuildPhase section */
		C62F59BE2D0FDAA00075849F /* Sources */ = {
			isa = PBXSourcesBuildPhase;
			buildActionMask = 2147483647;
			files = (
				C66692372D18EF1A007FD9FD /* CreateAccountViewController.swift in Sources */,
				C66691F42D129340007FD9FD /* HomeViewController.swift in Sources */,
				C666921A2D161BA1007FD9FD /* Constants.swift in Sources */,
				C6F77C7C2D1E6581000819EE /* TreeServicesViewController.swift in Sources */,
				C646D26D2D265C8100E366E9 /* PopularProjects+CoreDataClass.swift in Sources */,
				C646D26E2D265C8100E366E9 /* PopularProjects+CoreDataProperties.swift in Sources */,
				C646D2702D266A4E00E366E9 /* LoginCompanyViewController.swift in Sources */,
				C6F77C712D1E2AEB000819EE /* HandymanServices+CoreDataClass.swift in Sources */,
				C6F77C722D1E2AEB000819EE /* HandymanServices+CoreDataProperties.swift in Sources */,
				C6F77C762D1E654B000819EE /* HandymanServicesViewController.swift in Sources */,
				C6F77C732D1E2AEB000819EE /* TreeServices+CoreDataClass.swift in Sources */,
				C646D2622D26536F00E366E9 /* ProHiring.xcdatamodeld in Sources */,
				C6F77C742D1E2AEB000819EE /* TreeServices+CoreDataProperties.swift in Sources */,
				C666921E2D168409007FD9FD /* CompanyTableViewController.swift in Sources */,
				C646D2692D2656E300E366E9 /* HomeCategory+CoreDataClass.swift in Sources */,
				C646D26A2D2656E300E366E9 /* HomeCategory+CoreDataProperties.swift in Sources */,
				C66691F62D1295BE007FD9FD /* DataManager.swift in Sources */,
				C6F77C7A2D1E6579000819EE /* ServicesViewController.swift in Sources */,
				C66691F22D10BCCA007FD9FD /* LoginViewController.swift in Sources */,
				C66692102D13D255007FD9FD /* InternetMonitor.swift in Sources */,
				C62F59CA2D0FDAA00075849F /* ViewController.swift in Sources */,
				C66692462D1925FC007FD9FD /* FirebaseAuth.swift in Sources */,
				C62F59C62D0FDAA00075849F /* AppDelegate.swift in Sources */,
				C62F59C82D0FDAA00075849F /* SceneDelegate.swift in Sources */,
				C66692202D1688FF007FD9FD /* MyProjectsViewController.swift in Sources */,
				C66692222D168951007FD9FD /* CompanyViewController.swift in Sources */,
				C666923E2D18FBE9007FD9FD /* NetworkReachability.swift in Sources */,
			);
			runOnlyForDeploymentPostprocessing = 0;
		};
/* End PBXSourcesBuildPhase section */

/* Begin PBXVariantGroup section */
		C62F59CB2D0FDAA00075849F /* Main.storyboard */ = {
			isa = PBXVariantGroup;
			children = (
				C62F59CC2D0FDAA00075849F /* Base */,
			);
			name = Main.storyboard;
			sourceTree = "<group>";
		};
		C62F59D02D0FDAA10075849F /* LaunchScreen.storyboard */ = {
			isa = PBXVariantGroup;
			children = (
				C62F59D12D0FDAA10075849F /* Base */,
			);
			name = LaunchScreen.storyboard;
			sourceTree = "<group>";
		};
/* End PBXVariantGroup section */

/* Begin XCBuildConfiguration section */
		C62F59D42D0FDAA10075849F /* Debug */ = {
			isa = XCBuildConfiguration;
			buildSettings = {
				ALWAYS_SEARCH_USER_PATHS = NO;
				ASSETCATALOG_COMPILER_GENERATE_SWIFT_ASSET_SYMBOL_EXTENSIONS = YES;
				CLANG_ANALYZER_NONNULL = YES;
				CLANG_ANALYZER_NUMBER_OBJECT_CONVERSION = YES_AGGRESSIVE;
				CLANG_CXX_LANGUAGE_STANDARD = "gnu++20";
				CLANG_ENABLE_MODULES = YES;
				CLANG_ENABLE_OBJC_ARC = YES;
				CLANG_ENABLE_OBJC_WEAK = YES;
				CLANG_WARN_BLOCK_CAPTURE_AUTORELEASING = YES;
				CLANG_WARN_BOOL_CONVERSION = YES;
				CLANG_WARN_COMMA = YES;
				CLANG_WARN_CONSTANT_CONVERSION = YES;
				CLANG_WARN_DEPRECATED_OBJC_IMPLEMENTATIONS = YES;
				CLANG_WARN_DIRECT_OBJC_ISA_USAGE = YES_ERROR;
				CLANG_WARN_DOCUMENTATION_COMMENTS = YES;
				CLANG_WARN_EMPTY_BODY = YES;
				CLANG_WARN_ENUM_CONVERSION = YES;
				CLANG_WARN_INFINITE_RECURSION = YES;
				CLANG_WARN_INT_CONVERSION = YES;
				CLANG_WARN_NON_LITERAL_NULL_CONVERSION = YES;
				CLANG_WARN_OBJC_IMPLICIT_RETAIN_SELF = YES;
				CLANG_WARN_OBJC_LITERAL_CONVERSION = YES;
				CLANG_WARN_OBJC_ROOT_CLASS = YES_ERROR;
				CLANG_WARN_QUOTED_INCLUDE_IN_FRAMEWORK_HEADER = YES;
				CLANG_WARN_RANGE_LOOP_ANALYSIS = YES;
				CLANG_WARN_STRICT_PROTOTYPES = YES;
				CLANG_WARN_SUSPICIOUS_MOVE = YES;
				CLANG_WARN_UNGUARDED_AVAILABILITY = YES_AGGRESSIVE;
				CLANG_WARN_UNREACHABLE_CODE = YES;
				CLANG_WARN__DUPLICATE_METHOD_MATCH = YES;
				COPY_PHASE_STRIP = NO;
				DEBUG_INFORMATION_FORMAT = dwarf;
				ENABLE_STRICT_OBJC_MSGSEND = YES;
				ENABLE_TESTABILITY = YES;
				ENABLE_USER_SCRIPT_SANDBOXING = YES;
				GCC_C_LANGUAGE_STANDARD = gnu17;
				GCC_DYNAMIC_NO_PIC = NO;
				GCC_NO_COMMON_BLOCKS = YES;
				GCC_OPTIMIZATION_LEVEL = 0;
				GCC_PREPROCESSOR_DEFINITIONS = (
					"DEBUG=1",
					"$(inherited)",
				);
				GCC_WARN_64_TO_32_BIT_CONVERSION = YES;
				GCC_WARN_ABOUT_RETURN_TYPE = YES_ERROR;
				GCC_WARN_UNDECLARED_SELECTOR = YES;
				GCC_WARN_UNINITIALIZED_AUTOS = YES_AGGRESSIVE;
				GCC_WARN_UNUSED_FUNCTION = YES;
				GCC_WARN_UNUSED_VARIABLE = YES;
				IPHONEOS_DEPLOYMENT_TARGET = 17.5;
				LOCALIZATION_PREFERS_STRING_CATALOGS = YES;
				MTL_ENABLE_DEBUG_INFO = INCLUDE_SOURCE;
				MTL_FAST_MATH = YES;
				ONLY_ACTIVE_ARCH = YES;
				SDKROOT = iphoneos;
				SWIFT_ACTIVE_COMPILATION_CONDITIONS = "DEBUG $(inherited)";
				SWIFT_OPTIMIZATION_LEVEL = "-Onone";
			};
			name = Debug;
		};
		C62F59D52D0FDAA10075849F /* Release */ = {
			isa = XCBuildConfiguration;
			buildSettings = {
				ALWAYS_SEARCH_USER_PATHS = NO;
				ASSETCATALOG_COMPILER_GENERATE_SWIFT_ASSET_SYMBOL_EXTENSIONS = YES;
				CLANG_ANALYZER_NONNULL = YES;
				CLANG_ANALYZER_NUMBER_OBJECT_CONVERSION = YES_AGGRESSIVE;
				CLANG_CXX_LANGUAGE_STANDARD = "gnu++20";
				CLANG_ENABLE_MODULES = YES;
				CLANG_ENABLE_OBJC_ARC = YES;
				CLANG_ENABLE_OBJC_WEAK = YES;
				CLANG_WARN_BLOCK_CAPTURE_AUTORELEASING = YES;
				CLANG_WARN_BOOL_CONVERSION = YES;
				CLANG_WARN_COMMA = YES;
				CLANG_WARN_CONSTANT_CONVERSION = YES;
				CLANG_WARN_DEPRECATED_OBJC_IMPLEMENTATIONS = YES;
				CLANG_WARN_DIRECT_OBJC_ISA_USAGE = YES_ERROR;
				CLANG_WARN_DOCUMENTATION_COMMENTS = YES;
				CLANG_WARN_EMPTY_BODY = YES;
				CLANG_WARN_ENUM_CONVERSION = YES;
				CLANG_WARN_INFINITE_RECURSION = YES;
				CLANG_WARN_INT_CONVERSION = YES;
				CLANG_WARN_NON_LITERAL_NULL_CONVERSION = YES;
				CLANG_WARN_OBJC_IMPLICIT_RETAIN_SELF = YES;
				CLANG_WARN_OBJC_LITERAL_CONVERSION = YES;
				CLANG_WARN_OBJC_ROOT_CLASS = YES_ERROR;
				CLANG_WARN_QUOTED_INCLUDE_IN_FRAMEWORK_HEADER = YES;
				CLANG_WARN_RANGE_LOOP_ANALYSIS = YES;
				CLANG_WARN_STRICT_PROTOTYPES = YES;
				CLANG_WARN_SUSPICIOUS_MOVE = YES;
				CLANG_WARN_UNGUARDED_AVAILABILITY = YES_AGGRESSIVE;
				CLANG_WARN_UNREACHABLE_CODE = YES;
				CLANG_WARN__DUPLICATE_METHOD_MATCH = YES;
				COPY_PHASE_STRIP = NO;
				DEBUG_INFORMATION_FORMAT = "dwarf-with-dsym";
				ENABLE_NS_ASSERTIONS = NO;
				ENABLE_STRICT_OBJC_MSGSEND = YES;
				ENABLE_USER_SCRIPT_SANDBOXING = YES;
				GCC_C_LANGUAGE_STANDARD = gnu17;
				GCC_NO_COMMON_BLOCKS = YES;
				GCC_WARN_64_TO_32_BIT_CONVERSION = YES;
				GCC_WARN_ABOUT_RETURN_TYPE = YES_ERROR;
				GCC_WARN_UNDECLARED_SELECTOR = YES;
				GCC_WARN_UNINITIALIZED_AUTOS = YES_AGGRESSIVE;
				GCC_WARN_UNUSED_FUNCTION = YES;
				GCC_WARN_UNUSED_VARIABLE = YES;
				IPHONEOS_DEPLOYMENT_TARGET = 17.5;
				LOCALIZATION_PREFERS_STRING_CATALOGS = YES;
				MTL_ENABLE_DEBUG_INFO = NO;
				MTL_FAST_MATH = YES;
				SDKROOT = iphoneos;
				SWIFT_COMPILATION_MODE = wholemodule;
				VALIDATE_PRODUCT = YES;
			};
			name = Release;
		};
		C62F59D72D0FDAA10075849F /* Debug */ = {
			isa = XCBuildConfiguration;
			buildSettings = {
				ASSETCATALOG_COMPILER_APPICON_NAME = AppIcon;
				ASSETCATALOG_COMPILER_GLOBAL_ACCENT_COLOR_NAME = AccentColor;
				CODE_SIGN_STYLE = Automatic;
				CURRENT_PROJECT_VERSION = 1;
				DEVELOPMENT_TEAM = UMHY4G42PY;
				GENERATE_INFOPLIST_FILE = YES;
				INFOPLIST_FILE = ProHiring/Info.plist;
				INFOPLIST_KEY_CFBundleDisplayName = ProHiring;
				INFOPLIST_KEY_UIApplicationSupportsIndirectInputEvents = YES;
				INFOPLIST_KEY_UILaunchStoryboardName = LaunchScreen;
				INFOPLIST_KEY_UIMainStoryboardFile = Main;
				INFOPLIST_KEY_UISupportedInterfaceOrientations_iPad = "UIInterfaceOrientationPortrait UIInterfaceOrientationPortraitUpsideDown UIInterfaceOrientationLandscapeLeft UIInterfaceOrientationLandscapeRight";
				INFOPLIST_KEY_UISupportedInterfaceOrientations_iPhone = "UIInterfaceOrientationPortrait UIInterfaceOrientationLandscapeLeft UIInterfaceOrientationLandscapeRight";
				LD_RUNPATH_SEARCH_PATHS = (
					"$(inherited)",
					"@executable_path/Frameworks",
				);
				MARKETING_VERSION = 1.0;
				PRODUCT_BUNDLE_IDENTIFIER = "com.israelaguilar-ddadm12.ProHiring";
				PRODUCT_NAME = "$(TARGET_NAME)";
				SWIFT_EMIT_LOC_STRINGS = YES;
				SWIFT_VERSION = 5.0;
				TARGETED_DEVICE_FAMILY = "1,2";
			};
			name = Debug;
		};
		C62F59D82D0FDAA10075849F /* Release */ = {
			isa = XCBuildConfiguration;
			buildSettings = {
				ASSETCATALOG_COMPILER_APPICON_NAME = AppIcon;
				ASSETCATALOG_COMPILER_GLOBAL_ACCENT_COLOR_NAME = AccentColor;
				CODE_SIGN_STYLE = Automatic;
				CURRENT_PROJECT_VERSION = 1;
				DEVELOPMENT_TEAM = UMHY4G42PY;
				GENERATE_INFOPLIST_FILE = YES;
				INFOPLIST_FILE = ProHiring/Info.plist;
				INFOPLIST_KEY_CFBundleDisplayName = ProHiring;
				INFOPLIST_KEY_UIApplicationSupportsIndirectInputEvents = YES;
				INFOPLIST_KEY_UILaunchStoryboardName = LaunchScreen;
				INFOPLIST_KEY_UIMainStoryboardFile = Main;
				INFOPLIST_KEY_UISupportedInterfaceOrientations_iPad = "UIInterfaceOrientationPortrait UIInterfaceOrientationPortraitUpsideDown UIInterfaceOrientationLandscapeLeft UIInterfaceOrientationLandscapeRight";
				INFOPLIST_KEY_UISupportedInterfaceOrientations_iPhone = "UIInterfaceOrientationPortrait UIInterfaceOrientationLandscapeLeft UIInterfaceOrientationLandscapeRight";
				LD_RUNPATH_SEARCH_PATHS = (
					"$(inherited)",
					"@executable_path/Frameworks",
				);
				MARKETING_VERSION = 1.0;
				PRODUCT_BUNDLE_IDENTIFIER = "com.israelaguilar-ddadm12.ProHiring";
				PRODUCT_NAME = "$(TARGET_NAME)";
				SWIFT_EMIT_LOC_STRINGS = YES;
				SWIFT_VERSION = 5.0;
				TARGETED_DEVICE_FAMILY = "1,2";
			};
			name = Release;
		};
/* End XCBuildConfiguration section */

/* Begin XCConfigurationList section */
		C62F59BD2D0FDAA00075849F /* Build configuration list for PBXProject "ProHiring" */ = {
			isa = XCConfigurationList;
			buildConfigurations = (
				C62F59D42D0FDAA10075849F /* Debug */,
				C62F59D52D0FDAA10075849F /* Release */,
			);
			defaultConfigurationIsVisible = 0;
			defaultConfigurationName = Release;
		};
		C62F59D62D0FDAA10075849F /* Build configuration list for PBXNativeTarget "ProHiring" */ = {
			isa = XCConfigurationList;
			buildConfigurations = (
				C62F59D72D0FDAA10075849F /* Debug */,
				C62F59D82D0FDAA10075849F /* Release */,
			);
			defaultConfigurationIsVisible = 0;
			defaultConfigurationName = Release;
		};
/* End XCConfigurationList section */

/* Begin XCRemoteSwiftPackageReference section */
		C66692252D18E61D007FD9FD /* XCRemoteSwiftPackageReference "firebase-ios-sdk" */ = {
			isa = XCRemoteSwiftPackageReference;
			repositoryURL = "https://github.com/firebase/firebase-ios-sdk";
			requirement = {
				kind = upToNextMajorVersion;
				minimumVersion = 11.6.0;
			};
		};
		C66692382D18F41F007FD9FD /* XCRemoteSwiftPackageReference "GoogleSignin-iOS" */ = {
			isa = XCRemoteSwiftPackageReference;
			repositoryURL = "https://github.com/google/GoogleSignin-iOS";
			requirement = {
				kind = upToNextMajorVersion;
				minimumVersion = 8.0.0;
			};
		};
		C6F77C942D234A6C000819EE /* XCRemoteSwiftPackageReference "SDWebImage" */ = {
			isa = XCRemoteSwiftPackageReference;
			repositoryURL = "https://github.com/SDWebImage/SDWebImage";
			requirement = {
				kind = upToNextMajorVersion;
				minimumVersion = 5.20.0;
			};
		};
/* End XCRemoteSwiftPackageReference section */

/* Begin XCSwiftPackageProductDependency section */
		C66692262D18E61E007FD9FD /* FirebaseAnalytics */ = {
			isa = XCSwiftPackageProductDependency;
			package = C66692252D18E61D007FD9FD /* XCRemoteSwiftPackageReference "firebase-ios-sdk" */;
			productName = FirebaseAnalytics;
		};
		C66692282D18E61E007FD9FD /* FirebaseAnalyticsOnDeviceConversion */ = {
			isa = XCSwiftPackageProductDependency;
			package = C66692252D18E61D007FD9FD /* XCRemoteSwiftPackageReference "firebase-ios-sdk" */;
			productName = FirebaseAnalyticsOnDeviceConversion;
		};
		C666922A2D18E61E007FD9FD /* FirebaseAnalyticsWithoutAdIdSupport */ = {
			isa = XCSwiftPackageProductDependency;
			package = C66692252D18E61D007FD9FD /* XCRemoteSwiftPackageReference "firebase-ios-sdk" */;
			productName = FirebaseAnalyticsWithoutAdIdSupport;
		};
		C666922C2D18E61E007FD9FD /* FirebaseAuth */ = {
			isa = XCSwiftPackageProductDependency;
			package = C66692252D18E61D007FD9FD /* XCRemoteSwiftPackageReference "firebase-ios-sdk" */;
			productName = FirebaseAuth;
		};
		C666922E2D18E61E007FD9FD /* FirebaseFirestore */ = {
			isa = XCSwiftPackageProductDependency;
			package = C66692252D18E61D007FD9FD /* XCRemoteSwiftPackageReference "firebase-ios-sdk" */;
			productName = FirebaseFirestore;
		};
		C66692302D18E61E007FD9FD /* FirebaseInAppMessaging-Beta */ = {
			isa = XCSwiftPackageProductDependency;
			package = C66692252D18E61D007FD9FD /* XCRemoteSwiftPackageReference "firebase-ios-sdk" */;
			productName = "FirebaseInAppMessaging-Beta";
		};
		C66692322D18E61E007FD9FD /* FirebaseMessaging */ = {
			isa = XCSwiftPackageProductDependency;
			package = C66692252D18E61D007FD9FD /* XCRemoteSwiftPackageReference "firebase-ios-sdk" */;
			productName = FirebaseMessaging;
		};
		C66692342D18E61E007FD9FD /* FirebaseStorage */ = {
			isa = XCSwiftPackageProductDependency;
			package = C66692252D18E61D007FD9FD /* XCRemoteSwiftPackageReference "firebase-ios-sdk" */;
			productName = FirebaseStorage;
		};
		C66692392D18F41F007FD9FD /* GoogleSignIn */ = {
			isa = XCSwiftPackageProductDependency;
			package = C66692382D18F41F007FD9FD /* XCRemoteSwiftPackageReference "GoogleSignin-iOS" */;
			productName = GoogleSignIn;
		};
		C666923B2D18F41F007FD9FD /* GoogleSignInSwift */ = {
			isa = XCSwiftPackageProductDependency;
			package = C66692382D18F41F007FD9FD /* XCRemoteSwiftPackageReference "GoogleSignin-iOS" */;
			productName = GoogleSignInSwift;
		};
		C6F77C952D234A6C000819EE /* SDWebImage */ = {
			isa = XCSwiftPackageProductDependency;
			package = C6F77C942D234A6C000819EE /* XCRemoteSwiftPackageReference "SDWebImage" */;
			productName = SDWebImage;
		};
		C6F77C972D234A6C000819EE /* SDWebImageMapKit */ = {
			isa = XCSwiftPackageProductDependency;
			package = C6F77C942D234A6C000819EE /* XCRemoteSwiftPackageReference "SDWebImage" */;
			productName = SDWebImageMapKit;
		};
/* End XCSwiftPackageProductDependency section */

/* Begin XCVersionGroup section */
		C646D2602D26536F00E366E9 /* ProHiring.xcdatamodeld */ = {
			isa = XCVersionGroup;
			children = (
				C646D2612D26536F00E366E9 /* ProHiring.xcdatamodel */,
			);
			currentVersion = C646D2612D26536F00E366E9 /* ProHiring.xcdatamodel */;
			name = ProHiring.xcdatamodeld;
			path = /Users/paoladelgadillo/Desktop/Israel/iOS_Projects/ProHiring/ProHiring/Model/ProHiring.xcdatamodeld;
			sourceTree = "<group>";
			versionGroupType = wrapper.xcdatamodel;
		};
/* End XCVersionGroup section */
	};
	rootObject = C62F59BA2D0FDAA00075849F /* Project object */;
}
