// !$*UTF8*$!
{
	archiveVersion = 1;
	classes = {
	};
	objectVersion = 56;
	objects = {

/* Begin PBXBuildFile section */
		C62F59C62D0FDAA00075849F /* AppDelegate.swift in Sources */ = {isa = PBXBuildFile; fileRef = C62F59C52D0FDAA00075849F /* AppDelegate.swift */; };
		C62F59C82D0FDAA00075849F /* SceneDelegate.swift in Sources */ = {isa = PBXBuildFile; fileRef = C62F59C72D0FDAA00075849F /* SceneDelegate.swift */; };
		C62F59CA2D0FDAA00075849F /* ViewController.swift in Sources */ = {isa = PBXBuildFile; fileRef = C62F59C92D0FDAA00075849F /* ViewController.swift */; };
		C62F59CD2D0FDAA00075849F /* Base in Resources */ = {isa = PBXBuildFile; fileRef = C62F59CC2D0FDAA00075849F /* Base */; };
		C62F59CF2D0FDAA10075849F /* Assets.xcassets in Resources */ = {isa = PBXBuildFile; fileRef = C62F59CE2D0FDAA10075849F /* Assets.xcassets */; };
		C62F59D22D0FDAA10075849F /* Base in Resources */ = {isa = PBXBuildFile; fileRef = C62F59D12D0FDAA10075849F /* Base */; };
		C66691F22D10BCCA007FD9FD /* LoginViewController.swift in Sources */ = {isa = PBXBuildFile; fileRef = C66691F12D10BCCA007FD9FD /* LoginViewController.swift */; };
		C66691F42D129340007FD9FD /* HomeViewController.swift in Sources */ = {isa = PBXBuildFile; fileRef = C66691F32D129340007FD9FD /* HomeViewController.swift */; };
		C66691F62D1295BE007FD9FD /* DataManager.swift in Sources */ = {isa = PBXBuildFile; fileRef = C66691F52D1295BE007FD9FD /* DataManager.swift */; };
		C66691FD2D13C7DD007FD9FD /* TreeServices.xcdatamodeld in Sources */ = {isa = PBXBuildFile; fileRef = C66691FB2D13C7DD007FD9FD /* TreeServices.xcdatamodeld */; };
		C66692062D13CE4B007FD9FD /* CoreData.framework in Frameworks */ = {isa = PBXBuildFile; fileRef = C66692052D13CE4B007FD9FD /* CoreData.framework */; };
		C66692102D13D255007FD9FD /* InternetMonitor.swift in Sources */ = {isa = PBXBuildFile; fileRef = C666920F2D13D255007FD9FD /* InternetMonitor.swift */; };
		C66692172D13F20D007FD9FD /* TreeServices+CoreDataClass.swift in Sources */ = {isa = PBXBuildFile; fileRef = C66692152D13F20D007FD9FD /* TreeServices+CoreDataClass.swift */; };
		C66692182D13F20D007FD9FD /* TreeServices+CoreDataProperties.swift in Sources */ = {isa = PBXBuildFile; fileRef = C66692162D13F20D007FD9FD /* TreeServices+CoreDataProperties.swift */; };
		C666921A2D161BA1007FD9FD /* Constants.swift in Sources */ = {isa = PBXBuildFile; fileRef = C66692192D161BA1007FD9FD /* Constants.swift */; };
		C666921E2D168409007FD9FD /* CompanyTableViewController.swift in Sources */ = {isa = PBXBuildFile; fileRef = C666921D2D168409007FD9FD /* CompanyTableViewController.swift */; };
		C66692202D1688FF007FD9FD /* MyProjectsViewController.swift in Sources */ = {isa = PBXBuildFile; fileRef = C666921F2D1688FF007FD9FD /* MyProjectsViewController.swift */; };
		C66692222D168951007FD9FD /* CompanyViewController.swift in Sources */ = {isa = PBXBuildFile; fileRef = C66692212D168951007FD9FD /* CompanyViewController.swift */; };
/* End PBXBuildFile section */

/* Begin PBXFileReference section */
		C62F59C22D0FDAA00075849F /* ProHiring.app */ = {isa = PBXFileReference; explicitFileType = wrapper.application; includeInIndex = 0; path = ProHiring.app; sourceTree = BUILT_PRODUCTS_DIR; };
		C62F59C52D0FDAA00075849F /* AppDelegate.swift */ = {isa = PBXFileReference; lastKnownFileType = sourcecode.swift; path = AppDelegate.swift; sourceTree = "<group>"; };
		C62F59C72D0FDAA00075849F /* SceneDelegate.swift */ = {isa = PBXFileReference; lastKnownFileType = sourcecode.swift; path = SceneDelegate.swift; sourceTree = "<group>"; };
		C62F59C92D0FDAA00075849F /* ViewController.swift */ = {isa = PBXFileReference; lastKnownFileType = sourcecode.swift; path = ViewController.swift; sourceTree = "<group>"; };
		C62F59CC2D0FDAA00075849F /* Base */ = {isa = PBXFileReference; lastKnownFileType = file.storyboard; name = Base; path = Base.lproj/Main.storyboard; sourceTree = "<group>"; };
		C62F59CE2D0FDAA10075849F /* Assets.xcassets */ = {isa = PBXFileReference; lastKnownFileType = folder.assetcatalog; path = Assets.xcassets; sourceTree = "<group>"; };
		C62F59D12D0FDAA10075849F /* Base */ = {isa = PBXFileReference; lastKnownFileType = file.storyboard; name = Base; path = Base.lproj/LaunchScreen.storyboard; sourceTree = "<group>"; };
		C62F59D32D0FDAA10075849F /* Info.plist */ = {isa = PBXFileReference; lastKnownFileType = text.plist.xml; path = Info.plist; sourceTree = "<group>"; };
		C66691F12D10BCCA007FD9FD /* LoginViewController.swift */ = {isa = PBXFileReference; lastKnownFileType = sourcecode.swift; path = LoginViewController.swift; sourceTree = "<group>"; };
		C66691F32D129340007FD9FD /* HomeViewController.swift */ = {isa = PBXFileReference; lastKnownFileType = sourcecode.swift; path = HomeViewController.swift; sourceTree = "<group>"; };
		C66691F52D1295BE007FD9FD /* DataManager.swift */ = {isa = PBXFileReference; lastKnownFileType = sourcecode.swift; path = DataManager.swift; sourceTree = "<group>"; };
		C66691FC2D13C7DD007FD9FD /* TreeServices.xcdatamodel */ = {isa = PBXFileReference; lastKnownFileType = wrapper.xcdatamodel; path = TreeServices.xcdatamodel; sourceTree = "<group>"; };
		C66692052D13CE4B007FD9FD /* CoreData.framework */ = {isa = PBXFileReference; lastKnownFileType = wrapper.framework; name = CoreData.framework; path = System/Library/Frameworks/CoreData.framework; sourceTree = SDKROOT; };
		C666920F2D13D255007FD9FD /* InternetMonitor.swift */ = {isa = PBXFileReference; lastKnownFileType = sourcecode.swift; path = InternetMonitor.swift; sourceTree = "<group>"; };
		C66692152D13F20D007FD9FD /* TreeServices+CoreDataClass.swift */ = {isa = PBXFileReference; lastKnownFileType = sourcecode.swift; path = "TreeServices+CoreDataClass.swift"; sourceTree = "<group>"; };
		C66692162D13F20D007FD9FD /* TreeServices+CoreDataProperties.swift */ = {isa = PBXFileReference; lastKnownFileType = sourcecode.swift; path = "TreeServices+CoreDataProperties.swift"; sourceTree = "<group>"; };
		C66692192D161BA1007FD9FD /* Constants.swift */ = {isa = PBXFileReference; lastKnownFileType = sourcecode.swift; path = Constants.swift; sourceTree = "<group>"; };
		C666921D2D168409007FD9FD /* CompanyTableViewController.swift */ = {isa = PBXFileReference; lastKnownFileType = sourcecode.swift; path = CompanyTableViewController.swift; sourceTree = "<group>"; };
		C666921F2D1688FF007FD9FD /* MyProjectsViewController.swift */ = {isa = PBXFileReference; lastKnownFileType = sourcecode.swift; path = MyProjectsViewController.swift; sourceTree = "<group>"; };
		C66692212D168951007FD9FD /* CompanyViewController.swift */ = {isa = PBXFileReference; lastKnownFileType = sourcecode.swift; path = CompanyViewController.swift; sourceTree = "<group>"; };
/* End PBXFileReference section */

/* Begin PBXFrameworksBuildPhase section */
		C62F59BF2D0FDAA00075849F /* Frameworks */ = {
			isa = PBXFrameworksBuildPhase;
			buildActionMask = 2147483647;
			files = (
				C66692062D13CE4B007FD9FD /* CoreData.framework in Frameworks */,
			);
			runOnlyForDeploymentPostprocessing = 0;
		};
/* End PBXFrameworksBuildPhase section */

/* Begin PBXGroup section */
		C62F59B92D0FDAA00075849F = {
			isa = PBXGroup;
			children = (
				C62F59C42D0FDAA00075849F /* ProHiring */,
				C62F59C32D0FDAA00075849F /* Products */,
				C66692042D13CE4A007FD9FD /* Frameworks */,
			);
			sourceTree = "<group>";
		};
		C62F59C32D0FDAA00075849F /* Products */ = {
			isa = PBXGroup;
			children = (
				C62F59C22D0FDAA00075849F /* ProHiring.app */,
			);
			name = Products;
			sourceTree = "<group>";
		};
		C62F59C42D0FDAA00075849F /* ProHiring */ = {
			isa = PBXGroup;
			children = (
				C66691F72D13C78A007FD9FD /* Model */,
				C62F59DC2D0FDD8F0075849F /* Data */,
				C62F59DB2D0FDD830075849F /* Controllers */,
				C62F59DA2D0FDD7A0075849F /* Models */,
				C62F59D92D0FDD6D0075849F /* View */,
				C62F59C52D0FDAA00075849F /* AppDelegate.swift */,
				C62F59C72D0FDAA00075849F /* SceneDelegate.swift */,
				C62F59CE2D0FDAA10075849F /* Assets.xcassets */,
				C62F59D32D0FDAA10075849F /* Info.plist */,
				C66692192D161BA1007FD9FD /* Constants.swift */,
			);
			path = ProHiring;
			sourceTree = "<group>";
		};
		C62F59D92D0FDD6D0075849F /* View */ = {
			isa = PBXGroup;
			children = (
				C62F59D02D0FDAA10075849F /* LaunchScreen.storyboard */,
				C62F59CB2D0FDAA00075849F /* Main.storyboard */,
			);
			path = View;
			sourceTree = "<group>";
		};
		C62F59DA2D0FDD7A0075849F /* Models */ = {
			isa = PBXGroup;
			children = (
			);
			path = Models;
			sourceTree = "<group>";
		};
		C62F59DB2D0FDD830075849F /* Controllers */ = {
			isa = PBXGroup;
			children = (
				C62F59C92D0FDAA00075849F /* ViewController.swift */,
				C66691F12D10BCCA007FD9FD /* LoginViewController.swift */,
				C66691F32D129340007FD9FD /* HomeViewController.swift */,
				C66691F52D1295BE007FD9FD /* DataManager.swift */,
				C666920F2D13D255007FD9FD /* InternetMonitor.swift */,
				C666921D2D168409007FD9FD /* CompanyTableViewController.swift */,
				C666921F2D1688FF007FD9FD /* MyProjectsViewController.swift */,
				C66692212D168951007FD9FD /* CompanyViewController.swift */,
			);
			path = Controllers;
			sourceTree = "<group>";
		};
		C62F59DC2D0FDD8F0075849F /* Data */ = {
			isa = PBXGroup;
			children = (
			);
			path = Data;
			sourceTree = "<group>";
		};
		C66691F72D13C78A007FD9FD /* Model */ = {
			isa = PBXGroup;
			children = (
				C66692152D13F20D007FD9FD /* TreeServices+CoreDataClass.swift */,
				C66692162D13F20D007FD9FD /* TreeServices+CoreDataProperties.swift */,
				C66691FB2D13C7DD007FD9FD /* TreeServices.xcdatamodeld */,
			);
			path = Model;
			sourceTree = "<group>";
		};
		C66692042D13CE4A007FD9FD /* Frameworks */ = {
			isa = PBXGroup;
			children = (
				C66692052D13CE4B007FD9FD /* CoreData.framework */,
			);
			name = Frameworks;
			sourceTree = "<group>";
		};
/* End PBXGroup section */

/* Begin PBXNativeTarget section */
		C62F59C12D0FDAA00075849F /* ProHiring */ = {
			isa = PBXNativeTarget;
			buildConfigurationList = C62F59D62D0FDAA10075849F /* Build configuration list for PBXNativeTarget "ProHiring" */;
			buildPhases = (
				C62F59BE2D0FDAA00075849F /* Sources */,
				C62F59BF2D0FDAA00075849F /* Frameworks */,
				C62F59C02D0FDAA00075849F /* Resources */,
			);
			buildRules = (
			);
			dependencies = (
			);
			name = ProHiring;
			productName = ProHiring;
			productReference = C62F59C22D0FDAA00075849F /* ProHiring.app */;
			productType = "com.apple.product-type.application";
		};
/* End PBXNativeTarget section */

/* Begin PBXProject section */
		C62F59BA2D0FDAA00075849F /* Project object */ = {
			isa = PBXProject;
			attributes = {
				BuildIndependentTargetsInParallel = 1;
				LastSwiftUpdateCheck = 1540;
				LastUpgradeCheck = 1540;
				TargetAttributes = {
					C62F59C12D0FDAA00075849F = {
						CreatedOnToolsVersion = 15.4;
					};
				};
			};
			buildConfigurationList = C62F59BD2D0FDAA00075849F /* Build configuration list for PBXProject "ProHiring" */;
			compatibilityVersion = "Xcode 14.0";
			developmentRegion = en;
			hasScannedForEncodings = 0;
			knownRegions = (
				en,
				Base,
			);
			mainGroup = C62F59B92D0FDAA00075849F;
			productRefGroup = C62F59C32D0FDAA00075849F /* Products */;
			projectDirPath = "";
			projectRoot = "";
			targets = (
				C62F59C12D0FDAA00075849F /* ProHiring */,
			);
		};
/* End PBXProject section */

/* Begin PBXResourcesBuildPhase section */
		C62F59C02D0FDAA00075849F /* Resources */ = {
			isa = PBXResourcesBuildPhase;
			buildActionMask = 2147483647;
			files = (
				C62F59CF2D0FDAA10075849F /* Assets.xcassets in Resources */,
				C62F59D22D0FDAA10075849F /* Base in Resources */,
				C62F59CD2D0FDAA00075849F /* Base in Resources */,
			);
			runOnlyForDeploymentPostprocessing = 0;
		};
/* End PBXResourcesBuildPhase section */

/* Begin PBXSourcesBuildPhase section */
		C62F59BE2D0FDAA00075849F /* Sources */ = {
			isa = PBXSourcesBuildPhase;
			buildActionMask = 2147483647;
			files = (
				C66691F42D129340007FD9FD /* HomeViewController.swift in Sources */,
				C666921A2D161BA1007FD9FD /* Constants.swift in Sources */,
				C666921E2D168409007FD9FD /* CompanyTableViewController.swift in Sources */,
				C66691F62D1295BE007FD9FD /* DataManager.swift in Sources */,
				C66691F22D10BCCA007FD9FD /* LoginViewController.swift in Sources */,
				C66692102D13D255007FD9FD /* InternetMonitor.swift in Sources */,
				C62F59CA2D0FDAA00075849F /* ViewController.swift in Sources */,
				C62F59C62D0FDAA00075849F /* AppDelegate.swift in Sources */,
				C66691FD2D13C7DD007FD9FD /* TreeServices.xcdatamodeld in Sources */,
				C62F59C82D0FDAA00075849F /* SceneDelegate.swift in Sources */,
				C66692202D1688FF007FD9FD /* MyProjectsViewController.swift in Sources */,
				C66692172D13F20D007FD9FD /* TreeServices+CoreDataClass.swift in Sources */,
				C66692222D168951007FD9FD /* CompanyViewController.swift in Sources */,
				C66692182D13F20D007FD9FD /* TreeServices+CoreDataProperties.swift in Sources */,
			);
			runOnlyForDeploymentPostprocessing = 0;
		};
/* End PBXSourcesBuildPhase section */

/* Begin PBXVariantGroup section */
		C62F59CB2D0FDAA00075849F /* Main.storyboard */ = {
			isa = PBXVariantGroup;
			children = (
				C62F59CC2D0FDAA00075849F /* Base */,
			);
			name = Main.storyboard;
			sourceTree = "<group>";
		};
		C62F59D02D0FDAA10075849F /* LaunchScreen.storyboard */ = {
			isa = PBXVariantGroup;
			children = (
				C62F59D12D0FDAA10075849F /* Base */,
			);
			name = LaunchScreen.storyboard;
			sourceTree = "<group>";
		};
/* End PBXVariantGroup section */

/* Begin XCBuildConfiguration section */
		C62F59D42D0FDAA10075849F /* Debug */ = {
			isa = XCBuildConfiguration;
			buildSettings = {
				ALWAYS_SEARCH_USER_PATHS = NO;
				ASSETCATALOG_COMPILER_GENERATE_SWIFT_ASSET_SYMBOL_EXTENSIONS = YES;
				CLANG_ANALYZER_NONNULL = YES;
				CLANG_ANALYZER_NUMBER_OBJECT_CONVERSION = YES_AGGRESSIVE;
				CLANG_CXX_LANGUAGE_STANDARD = "gnu++20";
				CLANG_ENABLE_MODULES = YES;
				CLANG_ENABLE_OBJC_ARC = YES;
				CLANG_ENABLE_OBJC_WEAK = YES;
				CLANG_WARN_BLOCK_CAPTURE_AUTORELEASING = YES;
				CLANG_WARN_BOOL_CONVERSION = YES;
				CLANG_WARN_COMMA = YES;
				CLANG_WARN_CONSTANT_CONVERSION = YES;
				CLANG_WARN_DEPRECATED_OBJC_IMPLEMENTATIONS = YES;
				CLANG_WARN_DIRECT_OBJC_ISA_USAGE = YES_ERROR;
				CLANG_WARN_DOCUMENTATION_COMMENTS = YES;
				CLANG_WARN_EMPTY_BODY = YES;
				CLANG_WARN_ENUM_CONVERSION = YES;
				CLANG_WARN_INFINITE_RECURSION = YES;
				CLANG_WARN_INT_CONVERSION = YES;
				CLANG_WARN_NON_LITERAL_NULL_CONVERSION = YES;
				CLANG_WARN_OBJC_IMPLICIT_RETAIN_SELF = YES;
				CLANG_WARN_OBJC_LITERAL_CONVERSION = YES;
				CLANG_WARN_OBJC_ROOT_CLASS = YES_ERROR;
				CLANG_WARN_QUOTED_INCLUDE_IN_FRAMEWORK_HEADER = YES;
				CLANG_WARN_RANGE_LOOP_ANALYSIS = YES;
				CLANG_WARN_STRICT_PROTOTYPES = YES;
				CLANG_WARN_SUSPICIOUS_MOVE = YES;
				CLANG_WARN_UNGUARDED_AVAILABILITY = YES_AGGRESSIVE;
				CLANG_WARN_UNREACHABLE_CODE = YES;
				CLANG_WARN__DUPLICATE_METHOD_MATCH = YES;
				COPY_PHASE_STRIP = NO;
				DEBUG_INFORMATION_FORMAT = dwarf;
				ENABLE_STRICT_OBJC_MSGSEND = YES;
				ENABLE_TESTABILITY = YES;
				ENABLE_USER_SCRIPT_SANDBOXING = YES;
				GCC_C_LANGUAGE_STANDARD = gnu17;
				GCC_DYNAMIC_NO_PIC = NO;
				GCC_NO_COMMON_BLOCKS = YES;
				GCC_OPTIMIZATION_LEVEL = 0;
				GCC_PREPROCESSOR_DEFINITIONS = (
					"DEBUG=1",
					"$(inherited)",
				);
				GCC_WARN_64_TO_32_BIT_CONVERSION = YES;
				GCC_WARN_ABOUT_RETURN_TYPE = YES_ERROR;
				GCC_WARN_UNDECLARED_SELECTOR = YES;
				GCC_WARN_UNINITIALIZED_AUTOS = YES_AGGRESSIVE;
				GCC_WARN_UNUSED_FUNCTION = YES;
				GCC_WARN_UNUSED_VARIABLE = YES;
				IPHONEOS_DEPLOYMENT_TARGET = 17.5;
				LOCALIZATION_PREFERS_STRING_CATALOGS = YES;
				MTL_ENABLE_DEBUG_INFO = INCLUDE_SOURCE;
				MTL_FAST_MATH = YES;
				ONLY_ACTIVE_ARCH = YES;
				SDKROOT = iphoneos;
				SWIFT_ACTIVE_COMPILATION_CONDITIONS = "DEBUG $(inherited)";
				SWIFT_OPTIMIZATION_LEVEL = "-Onone";
			};
			name = Debug;
		};
		C62F59D52D0FDAA10075849F /* Release */ = {
			isa = XCBuildConfiguration;
			buildSettings = {
				ALWAYS_SEARCH_USER_PATHS = NO;
				ASSETCATALOG_COMPILER_GENERATE_SWIFT_ASSET_SYMBOL_EXTENSIONS = YES;
				CLANG_ANALYZER_NONNULL = YES;
				CLANG_ANALYZER_NUMBER_OBJECT_CONVERSION = YES_AGGRESSIVE;
				CLANG_CXX_LANGUAGE_STANDARD = "gnu++20";
				CLANG_ENABLE_MODULES = YES;
				CLANG_ENABLE_OBJC_ARC = YES;
				CLANG_ENABLE_OBJC_WEAK = YES;
				CLANG_WARN_BLOCK_CAPTURE_AUTORELEASING = YES;
				CLANG_WARN_BOOL_CONVERSION = YES;
				CLANG_WARN_COMMA = YES;
				CLANG_WARN_CONSTANT_CONVERSION = YES;
				CLANG_WARN_DEPRECATED_OBJC_IMPLEMENTATIONS = YES;
				CLANG_WARN_DIRECT_OBJC_ISA_USAGE = YES_ERROR;
				CLANG_WARN_DOCUMENTATION_COMMENTS = YES;
				CLANG_WARN_EMPTY_BODY = YES;
				CLANG_WARN_ENUM_CONVERSION = YES;
				CLANG_WARN_INFINITE_RECURSION = YES;
				CLANG_WARN_INT_CONVERSION = YES;
				CLANG_WARN_NON_LITERAL_NULL_CONVERSION = YES;
				CLANG_WARN_OBJC_IMPLICIT_RETAIN_SELF = YES;
				CLANG_WARN_OBJC_LITERAL_CONVERSION = YES;
				CLANG_WARN_OBJC_ROOT_CLASS = YES_ERROR;
				CLANG_WARN_QUOTED_INCLUDE_IN_FRAMEWORK_HEADER = YES;
				CLANG_WARN_RANGE_LOOP_ANALYSIS = YES;
				CLANG_WARN_STRICT_PROTOTYPES = YES;
				CLANG_WARN_SUSPICIOUS_MOVE = YES;
				CLANG_WARN_UNGUARDED_AVAILABILITY = YES_AGGRESSIVE;
				CLANG_WARN_UNREACHABLE_CODE = YES;
				CLANG_WARN__DUPLICATE_METHOD_MATCH = YES;
				COPY_PHASE_STRIP = NO;
				DEBUG_INFORMATION_FORMAT = "dwarf-with-dsym";
				ENABLE_NS_ASSERTIONS = NO;
				ENABLE_STRICT_OBJC_MSGSEND = YES;
				ENABLE_USER_SCRIPT_SANDBOXING = YES;
				GCC_C_LANGUAGE_STANDARD = gnu17;
				GCC_NO_COMMON_BLOCKS = YES;
				GCC_WARN_64_TO_32_BIT_CONVERSION = YES;
				GCC_WARN_ABOUT_RETURN_TYPE = YES_ERROR;
				GCC_WARN_UNDECLARED_SELECTOR = YES;
				GCC_WARN_UNINITIALIZED_AUTOS = YES_AGGRESSIVE;
				GCC_WARN_UNUSED_FUNCTION = YES;
				GCC_WARN_UNUSED_VARIABLE = YES;
				IPHONEOS_DEPLOYMENT_TARGET = 17.5;
				LOCALIZATION_PREFERS_STRING_CATALOGS = YES;
				MTL_ENABLE_DEBUG_INFO = NO;
				MTL_FAST_MATH = YES;
				SDKROOT = iphoneos;
				SWIFT_COMPILATION_MODE = wholemodule;
				VALIDATE_PRODUCT = YES;
			};
			name = Release;
		};
		C62F59D72D0FDAA10075849F /* Debug */ = {
			isa = XCBuildConfiguration;
			buildSettings = {
				ASSETCATALOG_COMPILER_APPICON_NAME = AppIcon;
				ASSETCATALOG_COMPILER_GLOBAL_ACCENT_COLOR_NAME = AccentColor;
				CODE_SIGN_STYLE = Automatic;
				CURRENT_PROJECT_VERSION = 1;
				DEVELOPMENT_TEAM = UMHY4G42PY;
				GENERATE_INFOPLIST_FILE = YES;
				INFOPLIST_FILE = ProHiring/Info.plist;
				INFOPLIST_KEY_UIApplicationSupportsIndirectInputEvents = YES;
				INFOPLIST_KEY_UILaunchStoryboardName = LaunchScreen;
				INFOPLIST_KEY_UIMainStoryboardFile = Main;
				INFOPLIST_KEY_UISupportedInterfaceOrientations_iPad = "UIInterfaceOrientationPortrait UIInterfaceOrientationPortraitUpsideDown UIInterfaceOrientationLandscapeLeft UIInterfaceOrientationLandscapeRight";
				INFOPLIST_KEY_UISupportedInterfaceOrientations_iPhone = "UIInterfaceOrientationPortrait UIInterfaceOrientationLandscapeLeft UIInterfaceOrientationLandscapeRight";
				LD_RUNPATH_SEARCH_PATHS = (
					"$(inherited)",
					"@executable_path/Frameworks",
				);
				MARKETING_VERSION = 1.0;
				PRODUCT_BUNDLE_IDENTIFIER = "com.israelaguilar-ddadm12.ProHiring";
				PRODUCT_NAME = "$(TARGET_NAME)";
				SWIFT_EMIT_LOC_STRINGS = YES;
				SWIFT_VERSION = 5.0;
				TARGETED_DEVICE_FAMILY = "1,2";
			};
			name = Debug;
		};
		C62F59D82D0FDAA10075849F /* Release */ = {
			isa = XCBuildConfiguration;
			buildSettings = {
				ASSETCATALOG_COMPILER_APPICON_NAME = AppIcon;
				ASSETCATALOG_COMPILER_GLOBAL_ACCENT_COLOR_NAME = AccentColor;
				CODE_SIGN_STYLE = Automatic;
				CURRENT_PROJECT_VERSION = 1;
				DEVELOPMENT_TEAM = UMHY4G42PY;
				GENERATE_INFOPLIST_FILE = YES;
				INFOPLIST_FILE = ProHiring/Info.plist;
				INFOPLIST_KEY_UIApplicationSupportsIndirectInputEvents = YES;
				INFOPLIST_KEY_UILaunchStoryboardName = LaunchScreen;
				INFOPLIST_KEY_UIMainStoryboardFile = Main;
				INFOPLIST_KEY_UISupportedInterfaceOrientations_iPad = "UIInterfaceOrientationPortrait UIInterfaceOrientationPortraitUpsideDown UIInterfaceOrientationLandscapeLeft UIInterfaceOrientationLandscapeRight";
				INFOPLIST_KEY_UISupportedInterfaceOrientations_iPhone = "UIInterfaceOrientationPortrait UIInterfaceOrientationLandscapeLeft UIInterfaceOrientationLandscapeRight";
				LD_RUNPATH_SEARCH_PATHS = (
					"$(inherited)",
					"@executable_path/Frameworks",
				);
				MARKETING_VERSION = 1.0;
				PRODUCT_BUNDLE_IDENTIFIER = "com.israelaguilar-ddadm12.ProHiring";
				PRODUCT_NAME = "$(TARGET_NAME)";
				SWIFT_EMIT_LOC_STRINGS = YES;
				SWIFT_VERSION = 5.0;
				TARGETED_DEVICE_FAMILY = "1,2";
			};
			name = Release;
		};
/* End XCBuildConfiguration section */

/* Begin XCConfigurationList section */
		C62F59BD2D0FDAA00075849F /* Build configuration list for PBXProject "ProHiring" */ = {
			isa = XCConfigurationList;
			buildConfigurations = (
				C62F59D42D0FDAA10075849F /* Debug */,
				C62F59D52D0FDAA10075849F /* Release */,
			);
			defaultConfigurationIsVisible = 0;
			defaultConfigurationName = Release;
		};
		C62F59D62D0FDAA10075849F /* Build configuration list for PBXNativeTarget "ProHiring" */ = {
			isa = XCConfigurationList;
			buildConfigurations = (
				C62F59D72D0FDAA10075849F /* Debug */,
				C62F59D82D0FDAA10075849F /* Release */,
			);
			defaultConfigurationIsVisible = 0;
			defaultConfigurationName = Release;
		};
/* End XCConfigurationList section */

/* Begin XCVersionGroup section */
		C66691FB2D13C7DD007FD9FD /* TreeServices.xcdatamodeld */ = {
			isa = XCVersionGroup;
			children = (
				C66691FC2D13C7DD007FD9FD /* TreeServices.xcdatamodel */,
			);
			currentVersion = C66691FC2D13C7DD007FD9FD /* TreeServices.xcdatamodel */;
			name = TreeServices.xcdatamodeld;
			path = /Users/paoladelgadillo/Desktop/Israel/iOS_Projects/ProHiring/ProHiring/Model/TreeServices.xcdatamodeld;
			sourceTree = "<group>";
			versionGroupType = wrapper.xcdatamodel;
		};
/* End XCVersionGroup section */
	};
	rootObject = C62F59BA2D0FDAA00075849F /* Project object */;
}
